
Microsoft Visual Studio Solution File, Format Version 11.00
# Visual Studio 2010
Project("{8BC9CEB8-8B4A-11D0-8D11-00A0C91BC942}") = "happy_number", "happy_number\happy_number.vcxproj", "{9F2D1E67-650F-4E47-87A3-9FE19D12E84F}"
EndProject
Global
	GlobalSection(SolutionConfigurationPlatforms) = preSolution
		Debug|Win32 = Debug|Win32
		Release|Win32 = Release|Win32
	EndGlobalSection
	GlobalSection(ProjectConfigurationPlatforms) = postSolution
		{9F2D1E67-650F-4E47-87A3-9FE19D12E84F}.Debug|Win32.ActiveCfg = Debug|Win32
		{9F2D1E67-650F-4E47-87A3-9FE19D12E84F}.Debug|Win32.Build.0 = Debug|Win32
		{9F2D1E67-650F-4E47-87A3-9FE19D12E84F}.Release|Win32.ActiveCfg = Release|Win32
		{9F2D1E67-650F-4E47-87A3-9FE19D12E84F}.Release|Win32.Build.0 = Release|Win32
	EndGlobalSection
	GlobalSection(SolutionProperties) = preSolution
		HideSolutionNode = FALSE
	EndGlobalSection
EndGlobal
